
Microsoft Visual Studio Solution File, Format Version 12.00
# Visual Studio 15
VisualStudioVersion = 15.0.26430.14
MinimumVisualStudioVersion = 10.0.40219.1
Project("{2150E333-8FDC-42A3-9474-1A3956D46DE8}") = "Solution Items", "Solution Items", "{21669A96-4199-4287-896A-5C036F03E346}"
	ProjectSection(SolutionItems) = preProject
		.editorconfig = .editorconfig
		azure-pipelines.yml = azure-pipelines.yml
		CodeCoverage.runsettings = CodeCoverage.runsettings
		Commands.ruleset = Commands.ruleset
		Directory.Build.props = Directory.Build.props
		global.json = global.json
		version.json = version.json
	EndProjectSection
EndProject
Project("{9A19103F-16F7-4668-BE54-9A1E7A4F7556}") = "DreamNucleus.Commands", "DreamNucleus.Commands\DreamNucleus.Commands.csproj", "{F5FFEF7C-485D-4649-B479-F3A5181EDF8D}"
EndProject
Project("{9A19103F-16F7-4668-BE54-9A1E7A4F7556}") = "DreamNucleus.Commands.Playground", "DreamNucleus.Commands.Playground\DreamNucleus.Commands.Playground.csproj", "{08E41937-D16C-45D0-8864-85BD68923A1B}"
EndProject
Project("{9A19103F-16F7-4668-BE54-9A1E7A4F7556}") = "DreamNucleus.Commands.Autofac", "DreamNucleus.Commands.Autofac\DreamNucleus.Commands.Autofac.csproj", "{2933F224-93CE-415C-AD36-89073889D706}"
EndProject
Project("{2150E333-8FDC-42A3-9474-1A3956D46DE8}") = "Playgrounds", "Playgrounds", "{5D9CE31E-9D1F-4656-82FA-FB4FFC25D1A9}"
EndProject
Project("{9A19103F-16F7-4668-BE54-9A1E7A4F7556}") = "DreamNucleus.Commands.Tests", "DreamNucleus.Commands.Tests\DreamNucleus.Commands.Tests.csproj", "{C870F335-A0FC-4C3D-956A-A30470D336E1}"
EndProject
Project("{2150E333-8FDC-42A3-9474-1A3956D46DE8}") = "Tests", "Tests", "{896885BA-6991-4275-AAEE-40957622E790}"
EndProject
Project("{9A19103F-16F7-4668-BE54-9A1E7A4F7556}") = "DreamNucleus.Commands.Extensions", "DreamNucleus.Commands.Extensions\DreamNucleus.Commands.Extensions.csproj", "{84606311-A749-41CB-9EDF-C23B7C530DF9}"
EndProject
Project("{9A19103F-16F7-4668-BE54-9A1E7A4F7556}") = "DreamNucleus.Commands.Extensions.Azure", "DreamNucleus.Commands.Extensions.Azure\DreamNucleus.Commands.Extensions.Azure.csproj", "{038B6CE9-CA92-4CD5-84FD-B366C782A350}"
EndProject
Project("{9A19103F-16F7-4668-BE54-9A1E7A4F7556}") = "DreamNucleus.Commands.Extensions.Tests", "DreamNucleus.Commands.Extensions.Tests\DreamNucleus.Commands.Extensions.Tests.csproj", "{31EC17E4-3148-4CCC-91B7-8A3B23B8A166}"
EndProject
Project("{9A19103F-16F7-4668-BE54-9A1E7A4F7556}") = "DreamNucleus.Commands.Analyzer", "DreamNucleus.Commands.Analyzer\DreamNucleus.Commands.Analyzer.csproj", "{C8C3490E-6A2B-4BEA-B122-EDA5B4DF6077}"
EndProject
Project("{9A19103F-16F7-4668-BE54-9A1E7A4F7556}") = "DreamNucleus.Commands.Analyzer.Tests", "DreamNucleus.Commands.Analyzer.Tests\DreamNucleus.Commands.Analyzer.Tests.csproj", "{52494466-6502-49F9-AF21-9FF7EE07521E}"
EndProject
Global
	GlobalSection(SolutionConfigurationPlatforms) = preSolution
		Debug|Any CPU = Debug|Any CPU
		Release|Any CPU = Release|Any CPU
	EndGlobalSection
	GlobalSection(ProjectConfigurationPlatforms) = postSolution
		{F5FFEF7C-485D-4649-B479-F3A5181EDF8D}.Debug|Any CPU.ActiveCfg = Debug|Any CPU
		{F5FFEF7C-485D-4649-B479-F3A5181EDF8D}.Debug|Any CPU.Build.0 = Debug|Any CPU
		{F5FFEF7C-485D-4649-B479-F3A5181EDF8D}.Release|Any CPU.ActiveCfg = Release|Any CPU
		{F5FFEF7C-485D-4649-B479-F3A5181EDF8D}.Release|Any CPU.Build.0 = Release|Any CPU
		{08E41937-D16C-45D0-8864-85BD68923A1B}.Debug|Any CPU.ActiveCfg = Debug|Any CPU
		{08E41937-D16C-45D0-8864-85BD68923A1B}.Debug|Any CPU.Build.0 = Debug|Any CPU
		{08E41937-D16C-45D0-8864-85BD68923A1B}.Release|Any CPU.ActiveCfg = Release|Any CPU
		{08E41937-D16C-45D0-8864-85BD68923A1B}.Release|Any CPU.Build.0 = Release|Any CPU
		{2933F224-93CE-415C-AD36-89073889D706}.Debug|Any CPU.ActiveCfg = Debug|Any CPU
		{2933F224-93CE-415C-AD36-89073889D706}.Debug|Any CPU.Build.0 = Debug|Any CPU
		{2933F224-93CE-415C-AD36-89073889D706}.Release|Any CPU.ActiveCfg = Release|Any CPU
		{2933F224-93CE-415C-AD36-89073889D706}.Release|Any CPU.Build.0 = Release|Any CPU
		{C870F335-A0FC-4C3D-956A-A30470D336E1}.Debug|Any CPU.ActiveCfg = Debug|Any CPU
		{C870F335-A0FC-4C3D-956A-A30470D336E1}.Debug|Any CPU.Build.0 = Debug|Any CPU
		{C870F335-A0FC-4C3D-956A-A30470D336E1}.Release|Any CPU.ActiveCfg = Release|Any CPU
		{C870F335-A0FC-4C3D-956A-A30470D336E1}.Release|Any CPU.Build.0 = Release|Any CPU
		{84606311-A749-41CB-9EDF-C23B7C530DF9}.Debug|Any CPU.ActiveCfg = Debug|Any CPU
		{84606311-A749-41CB-9EDF-C23B7C530DF9}.Debug|Any CPU.Build.0 = Debug|Any CPU
		{84606311-A749-41CB-9EDF-C23B7C530DF9}.Release|Any CPU.ActiveCfg = Release|Any CPU
		{84606311-A749-41CB-9EDF-C23B7C530DF9}.Release|Any CPU.Build.0 = Release|Any CPU
		{038B6CE9-CA92-4CD5-84FD-B366C782A350}.Debug|Any CPU.ActiveCfg = Debug|Any CPU
		{038B6CE9-CA92-4CD5-84FD-B366C782A350}.Debug|Any CPU.Build.0 = Debug|Any CPU
		{038B6CE9-CA92-4CD5-84FD-B366C782A350}.Release|Any CPU.ActiveCfg = Release|Any CPU
		{038B6CE9-CA92-4CD5-84FD-B366C782A350}.Release|Any CPU.Build.0 = Release|Any CPU
		{31EC17E4-3148-4CCC-91B7-8A3B23B8A166}.Debug|Any CPU.ActiveCfg = Debug|Any CPU
		{31EC17E4-3148-4CCC-91B7-8A3B23B8A166}.Debug|Any CPU.Build.0 = Debug|Any CPU
		{31EC17E4-3148-4CCC-91B7-8A3B23B8A166}.Release|Any CPU.ActiveCfg = Release|Any CPU
		{31EC17E4-3148-4CCC-91B7-8A3B23B8A166}.Release|Any CPU.Build.0 = Release|Any CPU
		{C8C3490E-6A2B-4BEA-B122-EDA5B4DF6077}.Debug|Any CPU.ActiveCfg = Debug|Any CPU
		{C8C3490E-6A2B-4BEA-B122-EDA5B4DF6077}.Debug|Any CPU.Build.0 = Debug|Any CPU
		{C8C3490E-6A2B-4BEA-B122-EDA5B4DF6077}.Release|Any CPU.ActiveCfg = Release|Any CPU
		{C8C3490E-6A2B-4BEA-B122-EDA5B4DF6077}.Release|Any CPU.Build.0 = Release|Any CPU
		{52494466-6502-49F9-AF21-9FF7EE07521E}.Debug|Any CPU.ActiveCfg = Debug|Any CPU
		{52494466-6502-49F9-AF21-9FF7EE07521E}.Debug|Any CPU.Build.0 = Debug|Any CPU
		{52494466-6502-49F9-AF21-9FF7EE07521E}.Release|Any CPU.ActiveCfg = Release|Any CPU
		{52494466-6502-49F9-AF21-9FF7EE07521E}.Release|Any CPU.Build.0 = Release|Any CPU
	EndGlobalSection
	GlobalSection(SolutionProperties) = preSolution
		HideSolutionNode = FALSE
	EndGlobalSection
	GlobalSection(NestedProjects) = preSolution
		{08E41937-D16C-45D0-8864-85BD68923A1B} = {5D9CE31E-9D1F-4656-82FA-FB4FFC25D1A9}
		{C870F335-A0FC-4C3D-956A-A30470D336E1} = {896885BA-6991-4275-AAEE-40957622E790}
		{31EC17E4-3148-4CCC-91B7-8A3B23B8A166} = {896885BA-6991-4275-AAEE-40957622E790}
		{52494466-6502-49F9-AF21-9FF7EE07521E} = {896885BA-6991-4275-AAEE-40957622E790}
	EndGlobalSection
	GlobalSection(ExtensibilityGlobals) = postSolution
		SolutionGuid = {957683AB-D391-45B5-9BF4-F5FE607578CB}
	EndGlobalSection
EndGlobal
